
Microsoft Visual Studio Solution File, Format Version 12.00
# Visual Studio 14
VisualStudioVersion = 14.0.25420.1
MinimumVisualStudioVersion = 10.0.40219.1
Project("{FAE04EC0-301F-11D3-BF4B-00C04F79EFBC}") = "Test.Droid", "Test\Test.Droid\Test.Droid.csproj", "{3BC3260C-135B-4E4E-B266-3A6872B2AC14}"
EndProject
Project("{FAE04EC0-301F-11D3-BF4B-00C04F79EFBC}") = "Test.iOS", "Test\Test.iOS\Test.iOS.csproj", "{DF457D94-14F5-4309-8171-33168738C0C3}"
EndProject
Project("{FAE04EC0-301F-11D3-BF4B-00C04F79EFBC}") = "Test.WinPhone", "Test\Test.WinPhone\Test.WinPhone.csproj", "{F9275BEC-11C5-47E8-8BF9-E91EDC487E92}"
EndProject
Project("{FAE04EC0-301F-11D3-BF4B-00C04F79EFBC}") = "Test.Windows", "Test\Test.Windows\Test.Windows.csproj", "{C2136E05-C4DA-4DE4-B26E-E1AC1D3A44A7}"
EndProject
Project("{FAE04EC0-301F-11D3-BF4B-00C04F79EFBC}") = "Test", "Test\Test\Test.csproj", "{9CF1F079-A600-4218-90BC-0C602C277D59}"
EndProject
Global
	GlobalSection(SolutionConfigurationPlatforms) = preSolution
		Ad-Hoc|Any CPU = Ad-Hoc|Any CPU
		Ad-Hoc|ARM = Ad-Hoc|ARM
		Ad-Hoc|iPhone = Ad-Hoc|iPhone
		Ad-Hoc|iPhoneSimulator = Ad-Hoc|iPhoneSimulator
		Ad-Hoc|x64 = Ad-Hoc|x64
		Ad-Hoc|x86 = Ad-Hoc|x86
		AppStore|Any CPU = AppStore|Any CPU
		AppStore|ARM = AppStore|ARM
		AppStore|iPhone = AppStore|iPhone
		AppStore|iPhoneSimulator = AppStore|iPhoneSimulator
		AppStore|x64 = AppStore|x64
		AppStore|x86 = AppStore|x86
		Debug|Any CPU = Debug|Any CPU
		Debug|ARM = Debug|ARM
		Debug|iPhone = Debug|iPhone
		Debug|iPhoneSimulator = Debug|iPhoneSimulator
		Debug|x64 = Debug|x64
		Debug|x86 = Debug|x86
		Release|Any CPU = Release|Any CPU
		Release|ARM = Release|ARM
		Release|iPhone = Release|iPhone
		Release|iPhoneSimulator = Release|iPhoneSimulator
		Release|x64 = Release|x64
		Release|x86 = Release|x86
	EndGlobalSection
	GlobalSection(ProjectConfigurationPlatforms) = postSolution
		{3BC3260C-135B-4E4E-B266-3A6872B2AC14}.Ad-Hoc|Any CPU.ActiveCfg = Release|Any CPU
		{3BC3260C-135B-4E4E-B266-3A6872B2AC14}.Ad-Hoc|Any CPU.Build.0 = Release|Any CPU
		{3BC3260C-135B-4E4E-B266-3A6872B2AC14}.Ad-Hoc|Any CPU.Deploy.0 = Release|Any CPU
		{3BC3260C-135B-4E4E-B266-3A6872B2AC14}.Ad-Hoc|ARM.ActiveCfg = Release|Any CPU
		{3BC3260C-135B-4E4E-B266-3A6872B2AC14}.Ad-Hoc|ARM.Build.0 = Release|Any CPU
		{3BC3260C-135B-4E4E-B266-3A6872B2AC14}.Ad-Hoc|ARM.Deploy.0 = Release|Any CPU
		{3BC3260C-135B-4E4E-B266-3A6872B2AC14}.Ad-Hoc|iPhone.ActiveCfg = Release|Any CPU
		{3BC3260C-135B-4E4E-B266-3A6872B2AC14}.Ad-Hoc|iPhone.Build.0 = Release|Any CPU
		{3BC3260C-135B-4E4E-B266-3A6872B2AC14}.Ad-Hoc|iPhone.Deploy.0 = Release|Any CPU
		{3BC3260C-135B-4E4E-B266-3A6872B2AC14}.Ad-Hoc|iPhoneSimulator.ActiveCfg = Release|Any CPU
		{3BC3260C-135B-4E4E-B266-3A6872B2AC14}.Ad-Hoc|iPhoneSimulator.Build.0 = Release|Any CPU
		{3BC3260C-135B-4E4E-B266-3A6872B2AC14}.Ad-Hoc|iPhoneSimulator.Deploy.0 = Release|Any CPU
		{3BC3260C-135B-4E4E-B266-3A6872B2AC14}.Ad-Hoc|x64.ActiveCfg = Release|Any CPU
		{3BC3260C-135B-4E4E-B266-3A6872B2AC14}.Ad-Hoc|x64.Build.0 = Release|Any CPU
		{3BC3260C-135B-4E4E-B266-3A6872B2AC14}.Ad-Hoc|x64.Deploy.0 = Release|Any CPU
		{3BC3260C-135B-4E4E-B266-3A6872B2AC14}.Ad-Hoc|x86.ActiveCfg = Release|Any CPU
		{3BC3260C-135B-4E4E-B266-3A6872B2AC14}.Ad-Hoc|x86.Build.0 = Release|Any CPU
		{3BC3260C-135B-4E4E-B266-3A6872B2AC14}.Ad-Hoc|x86.Deploy.0 = Release|Any CPU
		{3BC3260C-135B-4E4E-B266-3A6872B2AC14}.AppStore|Any CPU.ActiveCfg = Release|Any CPU
		{3BC3260C-135B-4E4E-B266-3A6872B2AC14}.AppStore|Any CPU.Build.0 = Release|Any CPU
		{3BC3260C-135B-4E4E-B266-3A6872B2AC14}.AppStore|Any CPU.Deploy.0 = Release|Any CPU
		{3BC3260C-135B-4E4E-B266-3A6872B2AC14}.AppStore|ARM.ActiveCfg = Release|Any CPU
		{3BC3260C-135B-4E4E-B266-3A6872B2AC14}.AppStore|ARM.Build.0 = Release|Any CPU
		{3BC3260C-135B-4E4E-B266-3A6872B2AC14}.AppStore|ARM.Deploy.0 = Release|Any CPU
		{3BC3260C-135B-4E4E-B266-3A6872B2AC14}.AppStore|iPhone.ActiveCfg = Release|Any CPU
		{3BC3260C-135B-4E4E-B266-3A6872B2AC14}.AppStore|iPhone.Build.0 = Release|Any CPU
		{3BC3260C-135B-4E4E-B266-3A6872B2AC14}.AppStore|iPhone.Deploy.0 = Release|Any CPU
		{3BC3260C-135B-4E4E-B266-3A6872B2AC14}.AppStore|iPhoneSimulator.ActiveCfg = Release|Any CPU
		{3BC3260C-135B-4E4E-B266-3A6872B2AC14}.AppStore|iPhoneSimulator.Build.0 = Release|Any CPU
		{3BC3260C-135B-4E4E-B266-3A6872B2AC14}.AppStore|iPhoneSimulator.Deploy.0 = Release|Any CPU
		{3BC3260C-135B-4E4E-B266-3A6872B2AC14}.AppStore|x64.ActiveCfg = Release|Any CPU
		{3BC3260C-135B-4E4E-B266-3A6872B2AC14}.AppStore|x64.Build.0 = Release|Any CPU
		{3BC3260C-135B-4E4E-B266-3A6872B2AC14}.AppStore|x64.Deploy.0 = Release|Any CPU
		{3BC3260C-135B-4E4E-B266-3A6872B2AC14}.AppStore|x86.ActiveCfg = Release|Any CPU
		{3BC3260C-135B-4E4E-B266-3A6872B2AC14}.AppStore|x86.Build.0 = Release|Any CPU
		{3BC3260C-135B-4E4E-B266-3A6872B2AC14}.AppStore|x86.Deploy.0 = Release|Any CPU
		{3BC3260C-135B-4E4E-B266-3A6872B2AC14}.Debug|Any CPU.ActiveCfg = Debug|Any CPU
		{3BC3260C-135B-4E4E-B266-3A6872B2AC14}.Debug|Any CPU.Build.0 = Debug|Any CPU
		{3BC3260C-135B-4E4E-B266-3A6872B2AC14}.Debug|Any CPU.Deploy.0 = Debug|Any CPU
		{3BC3260C-135B-4E4E-B266-3A6872B2AC14}.Debug|ARM.ActiveCfg = Debug|Any CPU
		{3BC3260C-135B-4E4E-B266-3A6872B2AC14}.Debug|ARM.Build.0 = Debug|Any CPU
		{3BC3260C-135B-4E4E-B266-3A6872B2AC14}.Debug|ARM.Deploy.0 = Debug|Any CPU
		{3BC3260C-135B-4E4E-B266-3A6872B2AC14}.Debug|iPhone.ActiveCfg = Debug|Any CPU
		{3BC3260C-135B-4E4E-B266-3A6872B2AC14}.Debug|iPhone.Build.0 = Debug|Any CPU
		{3BC3260C-135B-4E4E-B266-3A6872B2AC14}.Debug|iPhone.Deploy.0 = Debug|Any CPU
		{3BC3260C-135B-4E4E-B266-3A6872B2AC14}.Debug|iPhoneSimulator.ActiveCfg = Debug|Any CPU
		{3BC3260C-135B-4E4E-B266-3A6872B2AC14}.Debug|iPhoneSimulator.Build.0 = Debug|Any CPU
		{3BC3260C-135B-4E4E-B266-3A6872B2AC14}.Debug|iPhoneSimulator.Deploy.0 = Debug|Any CPU
		{3BC3260C-135B-4E4E-B266-3A6872B2AC14}.Debug|x64.ActiveCfg = Debug|Any CPU
		{3BC3260C-135B-4E4E-B266-3A6872B2AC14}.Debug|x64.Build.0 = Debug|Any CPU
		{3BC3260C-135B-4E4E-B266-3A6872B2AC14}.Debug|x64.Deploy.0 = Debug|Any CPU
		{3BC3260C-135B-4E4E-B266-3A6872B2AC14}.Debug|x86.ActiveCfg = Debug|Any CPU
		{3BC3260C-135B-4E4E-B266-3A6872B2AC14}.Debug|x86.Build.0 = Debug|Any CPU
		{3BC3260C-135B-4E4E-B266-3A6872B2AC14}.Debug|x86.Deploy.0 = Debug|Any CPU
		{3BC3260C-135B-4E4E-B266-3A6872B2AC14}.Release|Any CPU.ActiveCfg = Release|Any CPU
		{3BC3260C-135B-4E4E-B266-3A6872B2AC14}.Release|Any CPU.Build.0 = Release|Any CPU
		{3BC3260C-135B-4E4E-B266-3A6872B2AC14}.Release|Any CPU.Deploy.0 = Release|Any CPU
		{3BC3260C-135B-4E4E-B266-3A6872B2AC14}.Release|ARM.ActiveCfg = Release|Any CPU
		{3BC3260C-135B-4E4E-B266-3A6872B2AC14}.Release|ARM.Build.0 = Release|Any CPU
		{3BC3260C-135B-4E4E-B266-3A6872B2AC14}.Release|ARM.Deploy.0 = Release|Any CPU
		{3BC3260C-135B-4E4E-B266-3A6872B2AC14}.Release|iPhone.ActiveCfg = Release|Any CPU
		{3BC3260C-135B-4E4E-B266-3A6872B2AC14}.Release|iPhone.Build.0 = Release|Any CPU
		{3BC3260C-135B-4E4E-B266-3A6872B2AC14}.Release|iPhone.Deploy.0 = Release|Any CPU
		{3BC3260C-135B-4E4E-B266-3A6872B2AC14}.Release|iPhoneSimulator.ActiveCfg = Release|Any CPU
		{3BC3260C-135B-4E4E-B266-3A6872B2AC14}.Release|iPhoneSimulator.Build.0 = Release|Any CPU
		{3BC3260C-135B-4E4E-B266-3A6872B2AC14}.Release|iPhoneSimulator.Deploy.0 = Release|Any CPU
		{3BC3260C-135B-4E4E-B266-3A6872B2AC14}.Release|x64.ActiveCfg = Release|Any CPU
		{3BC3260C-135B-4E4E-B266-3A6872B2AC14}.Release|x64.Build.0 = Release|Any CPU
		{3BC3260C-135B-4E4E-B266-3A6872B2AC14}.Release|x64.Deploy.0 = Release|Any CPU
		{3BC3260C-135B-4E4E-B266-3A6872B2AC14}.Release|x86.ActiveCfg = Release|Any CPU
		{3BC3260C-135B-4E4E-B266-3A6872B2AC14}.Release|x86.Build.0 = Release|Any CPU
		{3BC3260C-135B-4E4E-B266-3A6872B2AC14}.Release|x86.Deploy.0 = Release|Any CPU
		{DF457D94-14F5-4309-8171-33168738C0C3}.Ad-Hoc|Any CPU.ActiveCfg = Ad-Hoc|iPhone
		{DF457D94-14F5-4309-8171-33168738C0C3}.Ad-Hoc|ARM.ActiveCfg = Ad-Hoc|iPhone
		{DF457D94-14F5-4309-8171-33168738C0C3}.Ad-Hoc|iPhone.ActiveCfg = Ad-Hoc|iPhone
		{DF457D94-14F5-4309-8171-33168738C0C3}.Ad-Hoc|iPhone.Build.0 = Ad-Hoc|iPhone
		{DF457D94-14F5-4309-8171-33168738C0C3}.Ad-Hoc|iPhoneSimulator.ActiveCfg = Ad-Hoc|iPhoneSimulator
		{DF457D94-14F5-4309-8171-33168738C0C3}.Ad-Hoc|iPhoneSimulator.Build.0 = Ad-Hoc|iPhoneSimulator
		{DF457D94-14F5-4309-8171-33168738C0C3}.Ad-Hoc|x64.ActiveCfg = Ad-Hoc|iPhone
		{DF457D94-14F5-4309-8171-33168738C0C3}.Ad-Hoc|x86.ActiveCfg = Ad-Hoc|iPhone
		{DF457D94-14F5-4309-8171-33168738C0C3}.AppStore|Any CPU.ActiveCfg = AppStore|iPhone
		{DF457D94-14F5-4309-8171-33168738C0C3}.AppStore|ARM.ActiveCfg = AppStore|iPhone
		{DF457D94-14F5-4309-8171-33168738C0C3}.AppStore|iPhone.ActiveCfg = AppStore|iPhone
		{DF457D94-14F5-4309-8171-33168738C0C3}.AppStore|iPhone.Build.0 = AppStore|iPhone
		{DF457D94-14F5-4309-8171-33168738C0C3}.AppStore|iPhoneSimulator.ActiveCfg = AppStore|iPhoneSimulator
		{DF457D94-14F5-4309-8171-33168738C0C3}.AppStore|iPhoneSimulator.Build.0 = AppStore|iPhoneSimulator
		{DF457D94-14F5-4309-8171-33168738C0C3}.AppStore|x64.ActiveCfg = AppStore|iPhone
		{DF457D94-14F5-4309-8171-33168738C0C3}.AppStore|x86.ActiveCfg = AppStore|iPhone
		{DF457D94-14F5-4309-8171-33168738C0C3}.Debug|Any CPU.ActiveCfg = Debug|iPhone
		{DF457D94-14F5-4309-8171-33168738C0C3}.Debug|ARM.ActiveCfg = Debug|iPhone
		{DF457D94-14F5-4309-8171-33168738C0C3}.Debug|iPhone.ActiveCfg = Debug|iPhone
		{DF457D94-14F5-4309-8171-33168738C0C3}.Debug|iPhone.Build.0 = Debug|iPhone
		{DF457D94-14F5-4309-8171-33168738C0C3}.Debug|iPhoneSimulator.ActiveCfg = Debug|iPhoneSimulator
		{DF457D94-14F5-4309-8171-33168738C0C3}.Debug|iPhoneSimulator.Build.0 = Debug|iPhoneSimulator
		{DF457D94-14F5-4309-8171-33168738C0C3}.Debug|x64.ActiveCfg = Debug|iPhone
		{DF457D94-14F5-4309-8171-33168738C0C3}.Debug|x86.ActiveCfg = Debug|iPhone
		{DF457D94-14F5-4309-8171-33168738C0C3}.Release|Any CPU.ActiveCfg = Release|iPhone
		{DF457D94-14F5-4309-8171-33168738C0C3}.Release|ARM.ActiveCfg = Release|iPhone
		{DF457D94-14F5-4309-8171-33168738C0C3}.Release|iPhone.ActiveCfg = Release|iPhone
		{DF457D94-14F5-4309-8171-33168738C0C3}.Release|iPhone.Build.0 = Release|iPhone
		{DF457D94-14F5-4309-8171-33168738C0C3}.Release|iPhoneSimulator.ActiveCfg = Release|iPhoneSimulator
		{DF457D94-14F5-4309-8171-33168738C0C3}.Release|iPhoneSimulator.Build.0 = Release|iPhoneSimulator
		{DF457D94-14F5-4309-8171-33168738C0C3}.Release|x64.ActiveCfg = Release|iPhone
		{DF457D94-14F5-4309-8171-33168738C0C3}.Release|x86.ActiveCfg = Release|iPhone
		{F9275BEC-11C5-47E8-8BF9-E91EDC487E92}.Ad-Hoc|Any CPU.ActiveCfg = Release|Any CPU
		{F9275BEC-11C5-47E8-8BF9-E91EDC487E92}.Ad-Hoc|Any CPU.Build.0 = Release|Any CPU
		{F9275BEC-11C5-47E8-8BF9-E91EDC487E92}.Ad-Hoc|Any CPU.Deploy.0 = Release|Any CPU
		{F9275BEC-11C5-47E8-8BF9-E91EDC487E92}.Ad-Hoc|ARM.ActiveCfg = Release|ARM
		{F9275BEC-11C5-47E8-8BF9-E91EDC487E92}.Ad-Hoc|ARM.Build.0 = Release|ARM
		{F9275BEC-11C5-47E8-8BF9-E91EDC487E92}.Ad-Hoc|ARM.Deploy.0 = Release|ARM
		{F9275BEC-11C5-47E8-8BF9-E91EDC487E92}.Ad-Hoc|iPhone.ActiveCfg = Release|Any CPU
		{F9275BEC-11C5-47E8-8BF9-E91EDC487E92}.Ad-Hoc|iPhone.Build.0 = Release|Any CPU
		{F9275BEC-11C5-47E8-8BF9-E91EDC487E92}.Ad-Hoc|iPhone.Deploy.0 = Release|Any CPU
		{F9275BEC-11C5-47E8-8BF9-E91EDC487E92}.Ad-Hoc|iPhoneSimulator.ActiveCfg = Release|Any CPU
		{F9275BEC-11C5-47E8-8BF9-E91EDC487E92}.Ad-Hoc|iPhoneSimulator.Build.0 = Release|Any CPU
		{F9275BEC-11C5-47E8-8BF9-E91EDC487E92}.Ad-Hoc|iPhoneSimulator.Deploy.0 = Release|Any CPU
		{F9275BEC-11C5-47E8-8BF9-E91EDC487E92}.Ad-Hoc|x64.ActiveCfg = Release|Any CPU
		{F9275BEC-11C5-47E8-8BF9-E91EDC487E92}.Ad-Hoc|x64.Build.0 = Release|Any CPU
		{F9275BEC-11C5-47E8-8BF9-E91EDC487E92}.Ad-Hoc|x64.Deploy.0 = Release|Any CPU
		{F9275BEC-11C5-47E8-8BF9-E91EDC487E92}.Ad-Hoc|x86.ActiveCfg = Release|x86
		{F9275BEC-11C5-47E8-8BF9-E91EDC487E92}.Ad-Hoc|x86.Build.0 = Release|x86
		{F9275BEC-11C5-47E8-8BF9-E91EDC487E92}.Ad-Hoc|x86.Deploy.0 = Release|x86
		{F9275BEC-11C5-47E8-8BF9-E91EDC487E92}.AppStore|Any CPU.ActiveCfg = Release|Any CPU
		{F9275BEC-11C5-47E8-8BF9-E91EDC487E92}.AppStore|Any CPU.Build.0 = Release|Any CPU
		{F9275BEC-11C5-47E8-8BF9-E91EDC487E92}.AppStore|Any CPU.Deploy.0 = Release|Any CPU
		{F9275BEC-11C5-47E8-8BF9-E91EDC487E92}.AppStore|ARM.ActiveCfg = Release|ARM
		{F9275BEC-11C5-47E8-8BF9-E91EDC487E92}.AppStore|ARM.Build.0 = Release|ARM
		{F9275BEC-11C5-47E8-8BF9-E91EDC487E92}.AppStore|ARM.Deploy.0 = Release|ARM
		{F9275BEC-11C5-47E8-8BF9-E91EDC487E92}.AppStore|iPhone.ActiveCfg = Release|Any CPU
		{F9275BEC-11C5-47E8-8BF9-E91EDC487E92}.AppStore|iPhone.Build.0 = Release|Any CPU
		{F9275BEC-11C5-47E8-8BF9-E91EDC487E92}.AppStore|iPhone.Deploy.0 = Release|Any CPU
		{F9275BEC-11C5-47E8-8BF9-E91EDC487E92}.AppStore|iPhoneSimulator.ActiveCfg = Release|Any CPU
		{F9275BEC-11C5-47E8-8BF9-E91EDC487E92}.AppStore|iPhoneSimulator.Build.0 = Release|Any CPU
		{F9275BEC-11C5-47E8-8BF9-E91EDC487E92}.AppStore|iPhoneSimulator.Deploy.0 = Release|Any CPU
		{F9275BEC-11C5-47E8-8BF9-E91EDC487E92}.AppStore|x64.ActiveCfg = Release|Any CPU
		{F9275BEC-11C5-47E8-8BF9-E91EDC487E92}.AppStore|x64.Build.0 = Release|Any CPU
		{F9275BEC-11C5-47E8-8BF9-E91EDC487E92}.AppStore|x64.Deploy.0 = Release|Any CPU
		{F9275BEC-11C5-47E8-8BF9-E91EDC487E92}.AppStore|x86.ActiveCfg = Release|x86
		{F9275BEC-11C5-47E8-8BF9-E91EDC487E92}.AppStore|x86.Build.0 = Release|x86
		{F9275BEC-11C5-47E8-8BF9-E91EDC487E92}.AppStore|x86.Deploy.0 = Release|x86
		{F9275BEC-11C5-47E8-8BF9-E91EDC487E92}.Debug|Any CPU.ActiveCfg = Debug|Any CPU
		{F9275BEC-11C5-47E8-8BF9-E91EDC487E92}.Debug|Any CPU.Build.0 = Debug|Any CPU
		{F9275BEC-11C5-47E8-8BF9-E91EDC487E92}.Debug|Any CPU.Deploy.0 = Debug|Any CPU
		{F9275BEC-11C5-47E8-8BF9-E91EDC487E92}.Debug|ARM.ActiveCfg = Debug|ARM
		{F9275BEC-11C5-47E8-8BF9-E91EDC487E92}.Debug|ARM.Build.0 = Debug|ARM
		{F9275BEC-11C5-47E8-8BF9-E91EDC487E92}.Debug|ARM.Deploy.0 = Debug|ARM
		{F9275BEC-11C5-47E8-8BF9-E91EDC487E92}.Debug|iPhone.ActiveCfg = Debug|Any CPU
		{F9275BEC-11C5-47E8-8BF9-E91EDC487E92}.Debug|iPhone.Build.0 = Debug|Any CPU
		{F9275BEC-11C5-47E8-8BF9-E91EDC487E92}.Debug|iPhone.Deploy.0 = Debug|Any CPU
		{F9275BEC-11C5-47E8-8BF9-E91EDC487E92}.Debug|iPhoneSimulator.ActiveCfg = Debug|Any CPU
		{F9275BEC-11C5-47E8-8BF9-E91EDC487E92}.Debug|iPhoneSimulator.Build.0 = Debug|Any CPU
		{F9275BEC-11C5-47E8-8BF9-E91EDC487E92}.Debug|iPhoneSimulator.Deploy.0 = Debug|Any CPU
		{F9275BEC-11C5-47E8-8BF9-E91EDC487E92}.Debug|x64.ActiveCfg = Debug|Any CPU
		{F9275BEC-11C5-47E8-8BF9-E91EDC487E92}.Debug|x64.Build.0 = Debug|Any CPU
		{F9275BEC-11C5-47E8-8BF9-E91EDC487E92}.Debug|x64.Deploy.0 = Debug|Any CPU
		{F9275BEC-11C5-47E8-8BF9-E91EDC487E92}.Debug|x86.ActiveCfg = Debug|x86
		{F9275BEC-11C5-47E8-8BF9-E91EDC487E92}.Debug|x86.Build.0 = Debug|x86
		{F9275BEC-11C5-47E8-8BF9-E91EDC487E92}.Debug|x86.Deploy.0 = Debug|x86
		{F9275BEC-11C5-47E8-8BF9-E91EDC487E92}.Release|Any CPU.ActiveCfg = Release|Any CPU
		{F9275BEC-11C5-47E8-8BF9-E91EDC487E92}.Release|Any CPU.Build.0 = Release|Any CPU
		{F9275BEC-11C5-47E8-8BF9-E91EDC487E92}.Release|Any CPU.Deploy.0 = Release|Any CPU
		{F9275BEC-11C5-47E8-8BF9-E91EDC487E92}.Release|ARM.ActiveCfg = Release|ARM
		{F9275BEC-11C5-47E8-8BF9-E91EDC487E92}.Release|ARM.Build.0 = Release|ARM
		{F9275BEC-11C5-47E8-8BF9-E91EDC487E92}.Release|ARM.Deploy.0 = Release|ARM
		{F9275BEC-11C5-47E8-8BF9-E91EDC487E92}.Release|iPhone.ActiveCfg = Release|Any CPU
		{F9275BEC-11C5-47E8-8BF9-E91EDC487E92}.Release|iPhone.Build.0 = Release|Any CPU
		{F9275BEC-11C5-47E8-8BF9-E91EDC487E92}.Release|iPhone.Deploy.0 = Release|Any CPU
		{F9275BEC-11C5-47E8-8BF9-E91EDC487E92}.Release|iPhoneSimulator.ActiveCfg = Release|Any CPU
		{F9275BEC-11C5-47E8-8BF9-E91EDC487E92}.Release|iPhoneSimulator.Build.0 = Release|Any CPU
		{F9275BEC-11C5-47E8-8BF9-E91EDC487E92}.Release|iPhoneSimulator.Deploy.0 = Release|Any CPU
		{F9275BEC-11C5-47E8-8BF9-E91EDC487E92}.Release|x64.ActiveCfg = Release|Any CPU
		{F9275BEC-11C5-47E8-8BF9-E91EDC487E92}.Release|x64.Build.0 = Release|Any CPU
		{F9275BEC-11C5-47E8-8BF9-E91EDC487E92}.Release|x64.Deploy.0 = Release|Any CPU
		{F9275BEC-11C5-47E8-8BF9-E91EDC487E92}.Release|x86.ActiveCfg = Release|x86
		{F9275BEC-11C5-47E8-8BF9-E91EDC487E92}.Release|x86.Build.0 = Release|x86
		{F9275BEC-11C5-47E8-8BF9-E91EDC487E92}.Release|x86.Deploy.0 = Release|x86
		{C2136E05-C4DA-4DE4-B26E-E1AC1D3A44A7}.Ad-Hoc|Any CPU.ActiveCfg = Release|Any CPU
		{C2136E05-C4DA-4DE4-B26E-E1AC1D3A44A7}.Ad-Hoc|Any CPU.Build.0 = Release|Any CPU
		{C2136E05-C4DA-4DE4-B26E-E1AC1D3A44A7}.Ad-Hoc|Any CPU.Deploy.0 = Release|Any CPU
		{C2136E05-C4DA-4DE4-B26E-E1AC1D3A44A7}.Ad-Hoc|ARM.ActiveCfg = Release|ARM
		{C2136E05-C4DA-4DE4-B26E-E1AC1D3A44A7}.Ad-Hoc|ARM.Build.0 = Release|ARM
		{C2136E05-C4DA-4DE4-B26E-E1AC1D3A44A7}.Ad-Hoc|ARM.Deploy.0 = Release|ARM
		{C2136E05-C4DA-4DE4-B26E-E1AC1D3A44A7}.Ad-Hoc|iPhone.ActiveCfg = Release|Any CPU
		{C2136E05-C4DA-4DE4-B26E-E1AC1D3A44A7}.Ad-Hoc|iPhone.Build.0 = Release|Any CPU
		{C2136E05-C4DA-4DE4-B26E-E1AC1D3A44A7}.Ad-Hoc|iPhone.Deploy.0 = Release|Any CPU
		{C2136E05-C4DA-4DE4-B26E-E1AC1D3A44A7}.Ad-Hoc|iPhoneSimulator.ActiveCfg = Release|Any CPU
		{C2136E05-C4DA-4DE4-B26E-E1AC1D3A44A7}.Ad-Hoc|iPhoneSimulator.Build.0 = Release|Any CPU
		{C2136E05-C4DA-4DE4-B26E-E1AC1D3A44A7}.Ad-Hoc|iPhoneSimulator.Deploy.0 = Release|Any CPU
		{C2136E05-C4DA-4DE4-B26E-E1AC1D3A44A7}.Ad-Hoc|x64.ActiveCfg = Release|x64
		{C2136E05-C4DA-4DE4-B26E-E1AC1D3A44A7}.Ad-Hoc|x64.Build.0 = Release|x64
		{C2136E05-C4DA-4DE4-B26E-E1AC1D3A44A7}.Ad-Hoc|x64.Deploy.0 = Release|x64
		{C2136E05-C4DA-4DE4-B26E-E1AC1D3A44A7}.Ad-Hoc|x86.ActiveCfg = Release|x86
		{C2136E05-C4DA-4DE4-B26E-E1AC1D3A44A7}.Ad-Hoc|x86.Build.0 = Release|x86
		{C2136E05-C4DA-4DE4-B26E-E1AC1D3A44A7}.Ad-Hoc|x86.Deploy.0 = Release|x86
		{C2136E05-C4DA-4DE4-B26E-E1AC1D3A44A7}.AppStore|Any CPU.ActiveCfg = Release|Any CPU
		{C2136E05-C4DA-4DE4-B26E-E1AC1D3A44A7}.AppStore|Any CPU.Build.0 = Release|Any CPU
		{C2136E05-C4DA-4DE4-B26E-E1AC1D3A44A7}.AppStore|Any CPU.Deploy.0 = Release|Any CPU
		{C2136E05-C4DA-4DE4-B26E-E1AC1D3A44A7}.AppStore|ARM.ActiveCfg = Release|ARM
		{C2136E05-C4DA-4DE4-B26E-E1AC1D3A44A7}.AppStore|ARM.Build.0 = Release|ARM
		{C2136E05-C4DA-4DE4-B26E-E1AC1D3A44A7}.AppStore|ARM.Deploy.0 = Release|ARM
		{C2136E05-C4DA-4DE4-B26E-E1AC1D3A44A7}.AppStore|iPhone.ActiveCfg = Release|Any CPU
		{C2136E05-C4DA-4DE4-B26E-E1AC1D3A44A7}.AppStore|iPhone.Build.0 = Release|Any CPU
		{C2136E05-C4DA-4DE4-B26E-E1AC1D3A44A7}.AppStore|iPhone.Deploy.0 = Release|Any CPU
		{C2136E05-C4DA-4DE4-B26E-E1AC1D3A44A7}.AppStore|iPhoneSimulator.ActiveCfg = Release|Any CPU
		{C2136E05-C4DA-4DE4-B26E-E1AC1D3A44A7}.AppStore|iPhoneSimulator.Build.0 = Release|Any CPU
		{C2136E05-C4DA-4DE4-B26E-E1AC1D3A44A7}.AppStore|iPhoneSimulator.Deploy.0 = Release|Any CPU
		{C2136E05-C4DA-4DE4-B26E-E1AC1D3A44A7}.AppStore|x64.ActiveCfg = Release|x64
		{C2136E05-C4DA-4DE4-B26E-E1AC1D3A44A7}.AppStore|x64.Build.0 = Release|x64
		{C2136E05-C4DA-4DE4-B26E-E1AC1D3A44A7}.AppStore|x64.Deploy.0 = Release|x64
		{C2136E05-C4DA-4DE4-B26E-E1AC1D3A44A7}.AppStore|x86.ActiveCfg = Release|x86
		{C2136E05-C4DA-4DE4-B26E-E1AC1D3A44A7}.AppStore|x86.Build.0 = Release|x86
		{C2136E05-C4DA-4DE4-B26E-E1AC1D3A44A7}.AppStore|x86.Deploy.0 = Release|x86
		{C2136E05-C4DA-4DE4-B26E-E1AC1D3A44A7}.Debug|Any CPU.ActiveCfg = Debug|Any CPU
		{C2136E05-C4DA-4DE4-B26E-E1AC1D3A44A7}.Debug|Any CPU.Build.0 = Debug|Any CPU
		{C2136E05-C4DA-4DE4-B26E-E1AC1D3A44A7}.Debug|Any CPU.Deploy.0 = Debug|Any CPU
		{C2136E05-C4DA-4DE4-B26E-E1AC1D3A44A7}.Debug|ARM.ActiveCfg = Debug|ARM
		{C2136E05-C4DA-4DE4-B26E-E1AC1D3A44A7}.Debug|ARM.Build.0 = Debug|ARM
		{C2136E05-C4DA-4DE4-B26E-E1AC1D3A44A7}.Debug|ARM.Deploy.0 = Debug|ARM
		{C2136E05-C4DA-4DE4-B26E-E1AC1D3A44A7}.Debug|iPhone.ActiveCfg = Debug|Any CPU
		{C2136E05-C4DA-4DE4-B26E-E1AC1D3A44A7}.Debug|iPhone.Build.0 = Debug|Any CPU
		{C2136E05-C4DA-4DE4-B26E-E1AC1D3A44A7}.Debug|iPhone.Deploy.0 = Debug|Any CPU
		{C2136E05-C4DA-4DE4-B26E-E1AC1D3A44A7}.Debug|iPhoneSimulator.ActiveCfg = Debug|Any CPU
		{C2136E05-C4DA-4DE4-B26E-E1AC1D3A44A7}.Debug|iPhoneSimulator.Build.0 = Debug|Any CPU
		{C2136E05-C4DA-4DE4-B26E-E1AC1D3A44A7}.Debug|iPhoneSimulator.Deploy.0 = Debug|Any CPU
		{C2136E05-C4DA-4DE4-B26E-E1AC1D3A44A7}.Debug|x64.ActiveCfg = Debug|x64
		{C2136E05-C4DA-4DE4-B26E-E1AC1D3A44A7}.Debug|x64.Build.0 = Debug|x64
		{C2136E05-C4DA-4DE4-B26E-E1AC1D3A44A7}.Debug|x64.Deploy.0 = Debug|x64
		{C2136E05-C4DA-4DE4-B26E-E1AC1D3A44A7}.Debug|x86.ActiveCfg = Debug|x86
		{C2136E05-C4DA-4DE4-B26E-E1AC1D3A44A7}.Debug|x86.Build.0 = Debug|x86
		{C2136E05-C4DA-4DE4-B26E-E1AC1D3A44A7}.Debug|x86.Deploy.0 = Debug|x86
		{C2136E05-C4DA-4DE4-B26E-E1AC1D3A44A7}.Release|Any CPU.ActiveCfg = Release|Any CPU
		{C2136E05-C4DA-4DE4-B26E-E1AC1D3A44A7}.Release|Any CPU.Build.0 = Release|Any CPU
		{C2136E05-C4DA-4DE4-B26E-E1AC1D3A44A7}.Release|Any CPU.Deploy.0 = Release|Any CPU
		{C2136E05-C4DA-4DE4-B26E-E1AC1D3A44A7}.Release|ARM.ActiveCfg = Release|ARM
		{C2136E05-C4DA-4DE4-B26E-E1AC1D3A44A7}.Release|ARM.Build.0 = Release|ARM
		{C2136E05-C4DA-4DE4-B26E-E1AC1D3A44A7}.Release|ARM.Deploy.0 = Release|ARM
		{C2136E05-C4DA-4DE4-B26E-E1AC1D3A44A7}.Release|iPhone.ActiveCfg = Release|Any CPU
		{C2136E05-C4DA-4DE4-B26E-E1AC1D3A44A7}.Release|iPhone.Build.0 = Release|Any CPU
		{C2136E05-C4DA-4DE4-B26E-E1AC1D3A44A7}.Release|iPhone.Deploy.0 = Release|Any CPU
		{C2136E05-C4DA-4DE4-B26E-E1AC1D3A44A7}.Release|iPhoneSimulator.ActiveCfg = Release|Any CPU
		{C2136E05-C4DA-4DE4-B26E-E1AC1D3A44A7}.Release|iPhoneSimulator.Build.0 = Release|Any CPU
		{C2136E05-C4DA-4DE4-B26E-E1AC1D3A44A7}.Release|iPhoneSimulator.Deploy.0 = Release|Any CPU
		{C2136E05-C4DA-4DE4-B26E-E1AC1D3A44A7}.Release|x64.ActiveCfg = Release|x64
		{C2136E05-C4DA-4DE4-B26E-E1AC1D3A44A7}.Release|x64.Build.0 = Release|x64
		{C2136E05-C4DA-4DE4-B26E-E1AC1D3A44A7}.Release|x64.Deploy.0 = Release|x64
		{C2136E05-C4DA-4DE4-B26E-E1AC1D3A44A7}.Release|x86.ActiveCfg = Release|x86
		{C2136E05-C4DA-4DE4-B26E-E1AC1D3A44A7}.Release|x86.Build.0 = Release|x86
		{C2136E05-C4DA-4DE4-B26E-E1AC1D3A44A7}.Release|x86.Deploy.0 = Release|x86
		{9CF1F079-A600-4218-90BC-0C602C277D59}.Ad-Hoc|Any CPU.ActiveCfg = Release|Any CPU
		{9CF1F079-A600-4218-90BC-0C602C277D59}.Ad-Hoc|Any CPU.Build.0 = Release|Any CPU
		{9CF1F079-A600-4218-90BC-0C602C277D59}.Ad-Hoc|ARM.ActiveCfg = Release|Any CPU
		{9CF1F079-A600-4218-90BC-0C602C277D59}.Ad-Hoc|ARM.Build.0 = Release|Any CPU
		{9CF1F079-A600-4218-90BC-0C602C277D59}.Ad-Hoc|iPhone.ActiveCfg = Release|Any CPU
		{9CF1F079-A600-4218-90BC-0C602C277D59}.Ad-Hoc|iPhone.Build.0 = Release|Any CPU
		{9CF1F079-A600-4218-90BC-0C602C277D59}.Ad-Hoc|iPhoneSimulator.ActiveCfg = Release|Any CPU
		{9CF1F079-A600-4218-90BC-0C602C277D59}.Ad-Hoc|iPhoneSimulator.Build.0 = Release|Any CPU
		{9CF1F079-A600-4218-90BC-0C602C277D59}.Ad-Hoc|x64.ActiveCfg = Release|Any CPU
		{9CF1F079-A600-4218-90BC-0C602C277D59}.Ad-Hoc|x64.Build.0 = Release|Any CPU
		{9CF1F079-A600-4218-90BC-0C602C277D59}.Ad-Hoc|x86.ActiveCfg = Release|Any CPU
		{9CF1F079-A600-4218-90BC-0C602C277D59}.Ad-Hoc|x86.Build.0 = Release|Any CPU
		{9CF1F079-A600-4218-90BC-0C602C277D59}.AppStore|Any CPU.ActiveCfg = Release|Any CPU
		{9CF1F079-A600-4218-90BC-0C602C277D59}.AppStore|Any CPU.Build.0 = Release|Any CPU
		{9CF1F079-A600-4218-90BC-0C602C277D59}.AppStore|ARM.ActiveCfg = Release|Any CPU
		{9CF1F079-A600-4218-90BC-0C602C277D59}.AppStore|ARM.Build.0 = Release|Any CPU
		{9CF1F079-A600-4218-90BC-0C602C277D59}.AppStore|iPhone.ActiveCfg = Release|Any CPU
		{9CF1F079-A600-4218-90BC-0C602C277D59}.AppStore|iPhone.Build.0 = Release|Any CPU
		{9CF1F079-A600-4218-90BC-0C602C277D59}.AppStore|iPhoneSimulator.ActiveCfg = Release|Any CPU
		{9CF1F079-A600-4218-90BC-0C602C277D59}.AppStore|iPhoneSimulator.Build.0 = Release|Any CPU
		{9CF1F079-A600-4218-90BC-0C602C277D59}.AppStore|x64.ActiveCfg = Release|Any CPU
		{9CF1F079-A600-4218-90BC-0C602C277D59}.AppStore|x64.Build.0 = Release|Any CPU
		{9CF1F079-A600-4218-90BC-0C602C277D59}.AppStore|x86.ActiveCfg = Release|Any CPU
		{9CF1F079-A600-4218-90BC-0C602C277D59}.AppStore|x86.Build.0 = Release|Any CPU
		{9CF1F079-A600-4218-90BC-0C602C277D59}.Debug|Any CPU.ActiveCfg = Debug|Any CPU
		{9CF1F079-A600-4218-90BC-0C602C277D59}.Debug|Any CPU.Build.0 = Debug|Any CPU
		{9CF1F079-A600-4218-90BC-0C602C277D59}.Debug|ARM.ActiveCfg = Debug|Any CPU
		{9CF1F079-A600-4218-90BC-0C602C277D59}.Debug|ARM.Build.0 = Debug|Any CPU
		{9CF1F079-A600-4218-90BC-0C602C277D59}.Debug|iPhone.ActiveCfg = Debug|Any CPU
		{9CF1F079-A600-4218-90BC-0C602C277D59}.Debug|iPhone.Build.0 = Debug|Any CPU
		{9CF1F079-A600-4218-90BC-0C602C277D59}.Debug|iPhoneSimulator.ActiveCfg = Debug|Any CPU
		{9CF1F079-A600-4218-90BC-0C602C277D59}.Debug|iPhoneSimulator.Build.0 = Debug|Any CPU
		{9CF1F079-A600-4218-90BC-0C602C277D59}.Debug|x64.ActiveCfg = Debug|Any CPU
		{9CF1F079-A600-4218-90BC-0C602C277D59}.Debug|x64.Build.0 = Debug|Any CPU
		{9CF1F079-A600-4218-90BC-0C602C277D59}.Debug|x86.ActiveCfg = Debug|Any CPU
		{9CF1F079-A600-4218-90BC-0C602C277D59}.Debug|x86.Build.0 = Debug|Any CPU
		{9CF1F079-A600-4218-90BC-0C602C277D59}.Release|Any CPU.ActiveCfg = Release|Any CPU
		{9CF1F079-A600-4218-90BC-0C602C277D59}.Release|Any CPU.Build.0 = Release|Any CPU
		{9CF1F079-A600-4218-90BC-0C602C277D59}.Release|ARM.ActiveCfg = Release|Any CPU
		{9CF1F079-A600-4218-90BC-0C602C277D59}.Release|ARM.Build.0 = Release|Any CPU
		{9CF1F079-A600-4218-90BC-0C602C277D59}.Release|iPhone.ActiveCfg = Release|Any CPU
		{9CF1F079-A600-4218-90BC-0C602C277D59}.Release|iPhone.Build.0 = Release|Any CPU
		{9CF1F079-A600-4218-90BC-0C602C277D59}.Release|iPhoneSimulator.ActiveCfg = Release|Any CPU
		{9CF1F079-A600-4218-90BC-0C602C277D59}.Release|iPhoneSimulator.Build.0 = Release|Any CPU
		{9CF1F079-A600-4218-90BC-0C602C277D59}.Release|x64.ActiveCfg = Release|Any CPU
		{9CF1F079-A600-4218-90BC-0C602C277D59}.Release|x64.Build.0 = Release|Any CPU
		{9CF1F079-A600-4218-90BC-0C602C277D59}.Release|x86.ActiveCfg = Release|Any CPU
		{9CF1F079-A600-4218-90BC-0C602C277D59}.Release|x86.Build.0 = Release|Any CPU
	EndGlobalSection
	GlobalSection(SolutionProperties) = preSolution
		HideSolutionNode = FALSE
	EndGlobalSection
EndGlobal
